
Microsoft Visual Studio Solution File, Format Version 12.00
# Visual Studio 2013
VisualStudioVersion = 12.0.31101.0
MinimumVisualStudioVersion = 10.0.40219.1
Project("{FAE04EC0-301F-11D3-BF4B-00C04F79EFBC}") = "SportStore.Domain", "SportStore.Domain\SportStore.Domain.csproj", "{C5E1258F-00D1-4D79-83F6-1D36F3758E9D}"
EndProject
Project("{FAE04EC0-301F-11D3-BF4B-00C04F79EFBC}") = "SportStore.UnitTests", "SportStore.UnitTests\SportStore.UnitTests.csproj", "{A0A7373E-3957-4891-8488-643D08B58F46}"
EndProject
Project("{FAE04EC0-301F-11D3-BF4B-00C04F79EFBC}") = "SportStore.WebUI", "SportStore.WebUI\SportStore.WebUI.csproj", "{4004D346-278F-4B12-B835-238978F9DD0D}"
EndProject
Global
	GlobalSection(SolutionConfigurationPlatforms) = preSolution
		Debug|Any CPU = Debug|Any CPU
		Release|Any CPU = Release|Any CPU
	EndGlobalSection
	GlobalSection(ProjectConfigurationPlatforms) = postSolution
		{C5E1258F-00D1-4D79-83F6-1D36F3758E9D}.Debug|Any CPU.ActiveCfg = Debug|Any CPU
		{C5E1258F-00D1-4D79-83F6-1D36F3758E9D}.Debug|Any CPU.Build.0 = Debug|Any CPU
		{C5E1258F-00D1-4D79-83F6-1D36F3758E9D}.Release|Any CPU.ActiveCfg = Release|Any CPU
		{C5E1258F-00D1-4D79-83F6-1D36F3758E9D}.Release|Any CPU.Build.0 = Release|Any CPU
		{A0A7373E-3957-4891-8488-643D08B58F46}.Debug|Any CPU.ActiveCfg = Debug|Any CPU
		{A0A7373E-3957-4891-8488-643D08B58F46}.Debug|Any CPU.Build.0 = Debug|Any CPU
		{A0A7373E-3957-4891-8488-643D08B58F46}.Release|Any CPU.ActiveCfg = Release|Any CPU
		{A0A7373E-3957-4891-8488-643D08B58F46}.Release|Any CPU.Build.0 = Release|Any CPU
		{4004D346-278F-4B12-B835-238978F9DD0D}.Debug|Any CPU.ActiveCfg = Debug|Any CPU
		{4004D346-278F-4B12-B835-238978F9DD0D}.Debug|Any CPU.Build.0 = Debug|Any CPU
		{4004D346-278F-4B12-B835-238978F9DD0D}.Release|Any CPU.ActiveCfg = Release|Any CPU
		{4004D346-278F-4B12-B835-238978F9DD0D}.Release|Any CPU.Build.0 = Release|Any CPU
	EndGlobalSection
	GlobalSection(SolutionProperties) = preSolution
		HideSolutionNode = FALSE
	EndGlobalSection
EndGlobal
